# THIS IS AN AUTOGENERATED FILE. DO NOT EDIT THIS FILE DIRECTLY.
# yarn lockfile v1


lit-element@^2.3.1:
  version "2.3.1"
  resolved "https://registry.yarnpkg.com/lit-element/-/lit-element-2.3.1.tgz#73343b978fa1e73d60526c6bb6ad60f53a16c343"
  integrity sha512-tOcUAmeO3BzwiQ7FGWdsshNvC0HVHcTFYw/TLIImmKwXYoV0E7zCBASa8IJ7DiP4cen/Yoj454gS0qqTnIGsFA==
  dependencies:
    lit-html "^1.1.1"

lit-html@^1.1.1, lit-html@^1.1.2:
  version "1.2.1"
  resolved "https://registry.yarnpkg.com/lit-html/-/lit-html-1.2.1.tgz#1fb933dc1e2ddc095f60b8086277d4fcd9d62cc8"
  integrity sha512-GSJHHXMGLZDzTRq59IUfL9FCdAlGfqNp/dEa7k7aBaaWD+JKaCjsAk9KYm2V12ItonVaYx2dprN66Zdm1AuBTQ==
